
Microsoft Visual Studio Solution File, Format Version 12.00
# Visual Studio Version 16
VisualStudioVersion = 16.0.29709.97
MinimumVisualStudioVersion = 10.0.40219.1
Project("{FAE04EC0-301F-11D3-BF4B-00C04F79EFBC}") = "UserAccess", "UserAccess.csproj", "{72BFDD5B-2A97-42AE-AFF2-425E2140C421}"
EndProject
Global
	GlobalSection(SolutionConfigurationPlatforms) = preSolution
		Debug|Any CPU = Debug|Any CPU
		Release|Any CPU = Release|Any CPU
	EndGlobalSection
	GlobalSection(ProjectConfigurationPlatforms) = postSolution
		{72BFDD5B-2A97-42AE-AFF2-425E2140C421}.Debug|Any CPU.ActiveCfg = Debug|Any CPU
		{72BFDD5B-2A97-42AE-AFF2-425E2140C421}.Debug|Any CPU.Build.0 = Debug|Any CPU
		{72BFDD5B-2A97-42AE-AFF2-425E2140C421}.Release|Any CPU.ActiveCfg = Release|Any CPU
		{72BFDD5B-2A97-42AE-AFF2-425E2140C421}.Release|Any CPU.Build.0 = Release|Any CPU
	EndGlobalSection
	GlobalSection(SolutionProperties) = preSolution
		HideSolutionNode = FALSE
	EndGlobalSection
	GlobalSection(ExtensibilityGlobals) = postSolution
		SolutionGuid = {F380DFFA-15D9-4493-B746-441AFCC3E126}
	EndGlobalSection
EndGlobal
